
Microsoft Visual Studio Solution File, Format Version 12.00
# Visual Studio Version 17
VisualStudioVersion = 17.7.34221.43
MinimumVisualStudioVersion = 10.0.40219.1
Project("{FAE04EC0-301F-11D3-BF4B-00C04F79EFBC}") = "WebUI", "WebUI\WebUI.csproj", "{DC037721-2851-44F6-9462-7D4C382DAC6E}"
EndProject
Project("{FAE04EC0-301F-11D3-BF4B-00C04F79EFBC}") = "Application", "Application\Application.csproj", "{7AC0FFAF-DABC-498E-A2F6-9A244502FA54}"
EndProject
Project("{FAE04EC0-301F-11D3-BF4B-00C04F79EFBC}") = "Core", "Core\Core.csproj", "{9E2D4C86-44C9-471D-82BA-FBD4424B21C7}"
EndProject
Project("{FAE04EC0-301F-11D3-BF4B-00C04F79EFBC}") = "Domain", "Domain\Domain.csproj", "{BE9BC476-E50A-4079-87ED-39A963858730}"
EndProject
Project("{FAE04EC0-301F-11D3-BF4B-00C04F79EFBC}") = "Persistence", "Persistence\Persistence.csproj", "{ED5DBD22-34E2-43AA-B645-64835C4A957F}"
EndProject
Global
	GlobalSection(SolutionConfigurationPlatforms) = preSolution
		Debug|Any CPU = Debug|Any CPU
		Release|Any CPU = Release|Any CPU
	EndGlobalSection
	GlobalSection(ProjectConfigurationPlatforms) = postSolution
		{DC037721-2851-44F6-9462-7D4C382DAC6E}.Debug|Any CPU.ActiveCfg = Debug|Any CPU
		{DC037721-2851-44F6-9462-7D4C382DAC6E}.Debug|Any CPU.Build.0 = Debug|Any CPU
		{DC037721-2851-44F6-9462-7D4C382DAC6E}.Release|Any CPU.ActiveCfg = Release|Any CPU
		{DC037721-2851-44F6-9462-7D4C382DAC6E}.Release|Any CPU.Build.0 = Release|Any CPU
		{7AC0FFAF-DABC-498E-A2F6-9A244502FA54}.Debug|Any CPU.ActiveCfg = Debug|Any CPU
		{7AC0FFAF-DABC-498E-A2F6-9A244502FA54}.Debug|Any CPU.Build.0 = Debug|Any CPU
		{7AC0FFAF-DABC-498E-A2F6-9A244502FA54}.Release|Any CPU.ActiveCfg = Release|Any CPU
		{7AC0FFAF-DABC-498E-A2F6-9A244502FA54}.Release|Any CPU.Build.0 = Release|Any CPU
		{9E2D4C86-44C9-471D-82BA-FBD4424B21C7}.Debug|Any CPU.ActiveCfg = Debug|Any CPU
		{9E2D4C86-44C9-471D-82BA-FBD4424B21C7}.Debug|Any CPU.Build.0 = Debug|Any CPU
		{9E2D4C86-44C9-471D-82BA-FBD4424B21C7}.Release|Any CPU.ActiveCfg = Release|Any CPU
		{9E2D4C86-44C9-471D-82BA-FBD4424B21C7}.Release|Any CPU.Build.0 = Release|Any CPU
		{BE9BC476-E50A-4079-87ED-39A963858730}.Debug|Any CPU.ActiveCfg = Debug|Any CPU
		{BE9BC476-E50A-4079-87ED-39A963858730}.Debug|Any CPU.Build.0 = Debug|Any CPU
		{BE9BC476-E50A-4079-87ED-39A963858730}.Release|Any CPU.ActiveCfg = Release|Any CPU
		{BE9BC476-E50A-4079-87ED-39A963858730}.Release|Any CPU.Build.0 = Release|Any CPU
		{ED5DBD22-34E2-43AA-B645-64835C4A957F}.Debug|Any CPU.ActiveCfg = Debug|Any CPU
		{ED5DBD22-34E2-43AA-B645-64835C4A957F}.Debug|Any CPU.Build.0 = Debug|Any CPU
		{ED5DBD22-34E2-43AA-B645-64835C4A957F}.Release|Any CPU.ActiveCfg = Release|Any CPU
		{ED5DBD22-34E2-43AA-B645-64835C4A957F}.Release|Any CPU.Build.0 = Release|Any CPU
	EndGlobalSection
	GlobalSection(SolutionProperties) = preSolution
		HideSolutionNode = FALSE
	EndGlobalSection
	GlobalSection(ExtensibilityGlobals) = postSolution
		SolutionGuid = {AD346647-5F7C-4707-8FA4-6741C2B3D324}
	EndGlobalSection
EndGlobal
